
Microsoft Visual Studio Solution File, Format Version 12.00
# Visual Studio Version 17
VisualStudioVersion = 17.2.32526.322
MinimumVisualStudioVersion = 10.0.40219.1
Project("{FAE04EC0-301F-11D3-BF4B-00C04F79EFBC}") = "DapperCrud", "DapperCrud\DapperCrud.csproj", "{68E351B1-6BB9-4E7E-B732-1D216AA4A09D}"
EndProject
Global
	GlobalSection(SolutionConfigurationPlatforms) = preSolution
		Debug|Any CPU = Debug|Any CPU
		Release|Any CPU = Release|Any CPU
	EndGlobalSection
	GlobalSection(ProjectConfigurationPlatforms) = postSolution
		{68E351B1-6BB9-4E7E-B732-1D216AA4A09D}.Debug|Any CPU.ActiveCfg = Debug|Any CPU
		{68E351B1-6BB9-4E7E-B732-1D216AA4A09D}.Debug|Any CPU.Build.0 = Debug|Any CPU
		{68E351B1-6BB9-4E7E-B732-1D216AA4A09D}.Release|Any CPU.ActiveCfg = Release|Any CPU
		{68E351B1-6BB9-4E7E-B732-1D216AA4A09D}.Release|Any CPU.Build.0 = Release|Any CPU
	EndGlobalSection
	GlobalSection(SolutionProperties) = preSolution
		HideSolutionNode = FALSE
	EndGlobalSection
	GlobalSection(ExtensibilityGlobals) = postSolution
		SolutionGuid = {E608FBA7-5D8F-4684-B8A4-7E6CC2AF8B20}
	EndGlobalSection
EndGlobal
